{
  "name": "esaybc",
  "version": "1.0.0",
  "lockfileVersion": 1,
  "requires": true,
  "dependencies": {
    "bn.js": {
      "version": "4.11.8",
      "resolved": "https://registry.npmjs.org/bn.js/-/bn.js-4.11.8.tgz",
      "integrity": "sha512-ItfYfPLkWHUjckQCk8xC+LwxgK8NYcXywGigJgSwOP8Y2iyWT4f2vsZnoOXTTbo+o5yXmIUJ4gn5538SO5S3gA=="
    },
    "create-hash": {
      "version": "1.2.0",
      "resolved": "http://registry.npm.taobao.org/create-hash/download/create-hash-1.2.0.tgz",
      "dependencies": {
        "cipher-base": {
          "version": "http://registry.npm.taobao.org/cipher-base/download/cipher-base-1.0.4.tgz",
          "bundled": true
        },
        "inherits": {
          "version": "http://registry.npm.taobao.org/inherits/download/inherits-2.0.3.tgz",
          "bundled": true
        },
        "md5.js": {
          "version": "http://registry.npm.taobao.org/md5.js/download/md5.js-1.3.5.tgz",
          "bundled": true
        },
        "ripemd160": {
          "version": "http://registry.npm.taobao.org/ripemd160/download/ripemd160-2.0.2.tgz",
          "bundled": true
        },
        "sha.js": {
          "version": "http://registry.npm.taobao.org/sha.js/download/sha.js-2.4.11.tgz",
          "bundled": true,
          "dependencies": {
            "inherits": {
              "version": "http://registry.npm.taobao.org/inherits/download/inherits-2.0.3.tgz",
              "bundled": true
            },
            "safe-buffer": {
              "version": "http://registry.npm.taobao.org/safe-buffer/download/safe-buffer-5.1.2.tgz",
              "bundled": true
            }
          }
        }
      }
    },
    "keccak": {
      "version": "2.0.0",
      "resolved": "http://registry.npm.taobao.org/keccak/download/keccak-2.0.0.tgz",
      "requires": {
        "safe-buffer": "^5.1.0"
      },
      "dependencies": {
        "bindings": {
          "version": "http://registry.npm.taobao.org/bindings/download/bindings-1.3.1.tgz",
          "bundled": true
        },
        "inherits": {
          "version": "http://registry.npm.taobao.org/inherits/download/inherits-2.0.3.tgz",
          "bundled": true
        },
        "nan": {
          "version": "http://registry.npm.taobao.org/nan/download/nan-2.12.1.tgz",
          "bundled": true
        },
        "safe-buffer": {
          "version": "http://registry.npm.taobao.org/safe-buffer/download/safe-buffer-5.1.2.tgz",
          "bundled": true
        }
      }
    },
    "leveldown": {
      "version": "4.0.1",
      "resolved": "http://registry.npm.taobao.org/leveldown/download/leveldown-4.0.1.tgz",
      "dependencies": {
        "abstract-leveldown": {
          "version": "http://registry.npm.taobao.org/abstract-leveldown/download/abstract-leveldown-5.0.0.tgz",
          "bundled": true,
          "dependencies": {
            "xtend": {
              "version": "http://registry.npm.taobao.org/xtend/download/xtend-4.0.1.tgz"
            }
          }
        },
        "bindings": {
          "version": "http://registry.npm.taobao.org/bindings/download/bindings-1.3.1.tgz",
          "bundled": true
        },
        "fast-future": {
          "version": "http://registry.npm.taobao.org/fast-future/download/fast-future-1.0.2.tgz",
          "bundled": true
        },
        "nan": {
          "version": "http://registry.npm.taobao.org/nan/download/nan-2.10.0.tgz",
          "bundled": true
        },
        "prebuild-install": {
          "version": "http://registry.npm.taobao.org/prebuild-install/download/prebuild-install-4.0.0.tgz",
          "bundled": true
        }
      }
    },
    "levelup": {
      "version": "4.0.0",
      "resolved": "http://registry.npm.taobao.org/levelup/download/levelup-4.0.0.tgz",
      "dependencies": {
        "deferred-leveldown": {
          "version": "http://registry.npm.taobao.org/deferred-leveldown/download/deferred-leveldown-5.0.0.tgz",
          "bundled": true,
          "dependencies": {
            "abstract-leveldown": {
              "version": "http://registry.npm.taobao.org/abstract-leveldown/download/abstract-leveldown-6.0.1.tgz",
              "bundled": true,
              "dependencies": {
                "level-concat-iterator": {
                  "version": "http://registry.npm.taobao.org/level-concat-iterator/download/level-concat-iterator-2.0.0.tgz",
                  "bundled": true
                },
                "xtend": {
                  "version": "http://registry.npm.taobao.org/xtend/download/xtend-4.0.1.tgz",
                  "bundled": true
                }
              }
            },
            "inherits": {
              "version": "http://registry.npm.taobao.org/inherits/download/inherits-2.0.3.tgz",
              "bundled": true
            }
          }
        },
        "level-errors": {
          "version": "http://registry.npm.taobao.org/level-errors/download/level-errors-2.0.0.tgz",
          "bundled": true
        },
        "level-iterator-stream": {
          "version": "http://registry.npm.taobao.org/level-iterator-stream/download/level-iterator-stream-4.0.0.tgz",
          "bundled": true
        },
        "xtend": {
          "version": "http://registry.npm.taobao.org/xtend/download/xtend-4.0.1.tgz",
          "bundled": true
        }
      }
    },
    "rlp": {
      "version": "2.2.1",
      "resolved": "http://registry.npm.taobao.org/rlp/download/rlp-2.2.1.tgz",
      "requires": {
        "safe-buffer": "^5.1.1"
      },
      "dependencies": {
        "safe-buffer": {
          "version": "http://registry.npm.taobao.org/safe-buffer/download/safe-buffer-5.1.2.tgz",
          "bundled": true
        }
      }
    },
    "safe-buffer": {
      "version": "5.1.2",
      "resolved": "http://registry.npm.taobao.org/safe-buffer/download/safe-buffer-5.1.2.tgz"
    },
    "secp256k1": {
      "version": "3.6.1",
      "resolved": "http://registry.npm.taobao.org/secp256k1/download/secp256k1-3.6.1.tgz",
      "requires": {
        "bn.js": "^4.11.3",
        "create-hash": "^1.1.2",
        "safe-buffer": "^5.1.0"
      },
      "dependencies": {
        "bindings": {
          "version": "http://registry.npm.taobao.org/bindings/download/bindings-1.3.1.tgz",
          "bundled": true
        },
        "bip66": {
          "version": "http://registry.npm.taobao.org/bip66/download/bip66-1.1.5.tgz",
          "bundled": true,
          "dependencies": {
            "safe-buffer": {
              "version": "http://registry.npm.taobao.org/safe-buffer/download/safe-buffer-5.1.2.tgz",
              "bundled": true
            }
          }
        },
        "bn.js": {
          "version": "http://registry.npm.taobao.org/bn.js/download/bn.js-4.11.8.tgz",
          "bundled": true
        },
        "create-hash": {
          "version": "http://registry.npm.taobao.org/create-hash/download/create-hash-1.2.0.tgz",
          "bundled": true
        },
        "drbg.js": {
          "version": "http://registry.npm.taobao.org/drbg.js/download/drbg.js-1.0.1.tgz",
          "bundled": true,
          "dependencies": {
            "browserify-aes": {
              "version": "http://registry.npm.taobao.org/browserify-aes/download/browserify-aes-1.2.0.tgz",
              "bundled": true
            },
            "create-hash": {
              "version": "http://registry.npm.taobao.org/create-hash/download/create-hash-1.2.0.tgz",
              "bundled": true,
              "dependencies": {
                "cipher-base": {
                  "version": "http://registry.npm.taobao.org/cipher-base/download/cipher-base-1.0.4.tgz",
                  "bundled": true
                },
                "inherits": {
                  "version": "http://registry.npm.taobao.org/inherits/download/inherits-2.0.3.tgz",
                  "bundled": true
                },
                "md5.js": {
                  "version": "http://registry.npm.taobao.org/md5.js/download/md5.js-1.3.5.tgz",
                  "bundled": true
                },
                "ripemd160": {
                  "version": "http://registry.npm.taobao.org/ripemd160/download/ripemd160-2.0.2.tgz",
                  "bundled": true
                },
                "sha.js": {
                  "version": "http://registry.npm.taobao.org/sha.js/download/sha.js-2.4.11.tgz",
                  "bundled": true,
                  "dependencies": {}
                }
              }
            },
            "create-hmac": {
              "version": "http://registry.npm.taobao.org/create-hmac/download/create-hmac-1.1.7.tgz",
              "bundled": true,
              "dependencies": {
                "cipher-base": {
                  "version": "http://registry.npm.taobao.org/cipher-base/download/cipher-base-1.0.4.tgz",
                  "bundled": true,
                  "dependencies": {
                    "inherits": {
                      "version": "http://registry.npm.taobao.org/inherits/download/inherits-2.0.3.tgz",
                      "bundled": true
                    },
                    "safe-buffer": {
                      "version": "http://registry.npm.taobao.org/safe-buffer/download/safe-buffer-5.1.2.tgz",
                      "bundled": true
                    }
                  }
                },
                "create-hash": {
                  "version": "http://registry.npm.taobao.org/create-hash/download/create-hash-1.2.0.tgz",
                  "bundled": true,
                  "dependencies": {
                    "cipher-base": {
                      "version": "http://registry.npm.taobao.org/cipher-base/download/cipher-base-1.0.4.tgz",
                      "bundled": true
                    },
                    "inherits": {
                      "version": "http://registry.npm.taobao.org/inherits/download/inherits-2.0.3.tgz",
                      "bundled": true
                    },
                    "md5.js": {
                      "version": "http://registry.npm.taobao.org/md5.js/download/md5.js-1.3.5.tgz",
                      "bundled": true
                    },
                    "ripemd160": {
                      "version": "http://registry.npm.taobao.org/ripemd160/download/ripemd160-2.0.2.tgz",
                      "bundled": true
                    },
                    "sha.js": {
                      "version": "http://registry.npm.taobao.org/sha.js/download/sha.js-2.4.11.tgz",
                      "bundled": true,
                      "dependencies": {}
                    }
                  }
                },
                "inherits": {
                  "version": "http://registry.npm.taobao.org/inherits/download/inherits-2.0.3.tgz",
                  "bundled": true
                },
                "ripemd160": {
                  "version": "http://registry.npm.taobao.org/ripemd160/download/ripemd160-2.0.2.tgz",
                  "bundled": true,
                  "dependencies": {
                    "hash-base": {
                      "version": "http://registry.npm.taobao.org/hash-base/download/hash-base-3.0.4.tgz",
                      "bundled": true,
                      "dependencies": {
                        "inherits": {
                          "version": "http://registry.npm.taobao.org/inherits/download/inherits-2.0.3.tgz",
                          "bundled": true
                        },
                        "safe-buffer": {
                          "version": "http://registry.npm.taobao.org/safe-buffer/download/safe-buffer-5.1.2.tgz",
                          "bundled": true
                        }
                      }
                    },
                    "inherits": {
                      "version": "http://registry.npm.taobao.org/inherits/download/inherits-2.0.3.tgz",
                      "bundled": true
                    }
                  }
                },
                "safe-buffer": {
                  "version": "http://registry.npm.taobao.org/safe-buffer/download/safe-buffer-5.1.2.tgz",
                  "bundled": true
                },
                "sha.js": {
                  "version": "http://registry.npm.taobao.org/sha.js/download/sha.js-2.4.11.tgz",
                  "bundled": true
                }
              }
            }
          }
        },
        "elliptic": {
          "version": "http://registry.npm.taobao.org/elliptic/download/elliptic-6.4.1.tgz",
          "bundled": true
        },
        "nan": {
          "version": "http://registry.npm.taobao.org/nan/download/nan-2.12.1.tgz",
          "bundled": true
        },
        "safe-buffer": {
          "version": "http://registry.npm.taobao.org/safe-buffer/download/safe-buffer-5.1.2.tgz",
          "bundled": true
        }
      }
    }
  }
}
